// !$*UTF8*$!
{
	archiveVersion = 1;
	classes = {
	};
	objectVersion = 52;
	objects = {

/* Begin PBXBuildFile section */
		7A92F55A25BF3CF800009CFD /* LinkKitSwiftUISupport.swift in Sources */ = {isa = PBXBuildFile; fileRef = 7A92F55925BF3CF800009CFD /* LinkKitSwiftUISupport.swift */; };
		7A92F55E25BF40FB00009CFD /* ViewController+SwiftUI.swift in Sources */ = {isa = PBXBuildFile; fileRef = 7A92F55D25BF40FB00009CFD /* ViewController+SwiftUI.swift */; };
		91035E531E3CA7C000A97B26 /* AppDelegate.swift in Sources */ = {isa = PBXBuildFile; fileRef = 91035E521E3CA7C000A97B26 /* AppDelegate.swift */; };
		91035E551E3CA7C000A97B26 /* ViewController.swift in Sources */ = {isa = PBXBuildFile; fileRef = 91035E541E3CA7C000A97B26 /* ViewController.swift */; };
		91035E5A1E3CA7C000A97B26 /* Assets.xcassets in Resources */ = {isa = PBXBuildFile; fileRef = 91035E591E3CA7C000A97B26 /* Assets.xcassets */; };
		913AF7CA251D3C04007CC064 /* ViewController+PublicKey.swift in Sources */ = {isa = PBXBuildFile; fileRef = 913AF7C9251D3C04007CC064 /* ViewController+PublicKey.swift */; };
		91974B0B246D6D4200182D9B /* AppDelegate+OAuthSupport.swift in Sources */ = {isa = PBXBuildFile; fileRef = 91974B0A246D6D4200182D9B /* AppDelegate+OAuthSupport.swift */; };
		91BB7745246D50C800BFD0CE /* ViewController+LinkToken.swift in Sources */ = {isa = PBXBuildFile; fileRef = 91BB7744246D50C800BFD0CE /* ViewController+LinkToken.swift */; };
		A606461827902FEC00E246C2 /* AccountsList.swift in Sources */ = {isa = PBXBuildFile; fileRef = A606461727902FEC00E246C2 /* AccountsList.swift */; };
		A606461A279031E200E246C2 /* transactionslist.swift in Sources */ = {isa = PBXBuildFile; fileRef = A6064619279031E200E246C2 /* transactionslist.swift */; };
		A606461C279067B500E246C2 /* TransactionView.swift in Sources */ = {isa = PBXBuildFile; fileRef = A606461B279067B500E246C2 /* TransactionView.swift */; };
		A60EE978278B30F500B84623 /* Login.swift in Sources */ = {isa = PBXBuildFile; fileRef = A60EE977278B30F500B84623 /* Login.swift */; };
		A6101E87276B3C2C0092EE75 /* accounts.json in Resources */ = {isa = PBXBuildFile; fileRef = A6101E86276B3C2C0092EE75 /* accounts.json */; };
		A6101E89276B3C7E0092EE75 /* AccountBalance.swift in Sources */ = {isa = PBXBuildFile; fileRef = A6101E88276B3C7E0092EE75 /* AccountBalance.swift */; };
		A6101E8D276B44320092EE75 /* Finance.swift in Sources */ = {isa = PBXBuildFile; fileRef = A6101E8C276B44320092EE75 /* Finance.swift */; };
		A6101E90276B45080092EE75 /* accounts.swift in Sources */ = {isa = PBXBuildFile; fileRef = A6101E8F276B45080092EE75 /* accounts.swift */; };
		A6101E92276B719C0092EE75 /* PlaidDemoHandler.swift in Sources */ = {isa = PBXBuildFile; fileRef = A6101E91276B719C0092EE75 /* PlaidDemoHandler.swift */; };
		A6101E94276B7E3A0092EE75 /* AccountEx.swift in Sources */ = {isa = PBXBuildFile; fileRef = A6101E93276B7E3A0092EE75 /* AccountEx.swift */; };
		A6101E96276B86FF0092EE75 /* transactions.swift in Sources */ = {isa = PBXBuildFile; fileRef = A6101E95276B86FF0092EE75 /* transactions.swift */; };
		A6101E98276B8A9B0092EE75 /* transactions.json in Resources */ = {isa = PBXBuildFile; fileRef = A6101E97276B8A9B0092EE75 /* transactions.json */; };
		A6101E9A276BA0040092EE75 /* securities.swift in Sources */ = {isa = PBXBuildFile; fileRef = A6101E99276BA0040092EE75 /* securities.swift */; };
		A6101E9C276BA7130092EE75 /* securities.json in Resources */ = {isa = PBXBuildFile; fileRef = A6101E9B276BA7130092EE75 /* securities.json */; };
		A6101E9E276BB2C80092EE75 /* holdings.swift in Sources */ = {isa = PBXBuildFile; fileRef = A6101E9D276BB2C80092EE75 /* holdings.swift */; };
		A6101EA0276BB70B0092EE75 /* holdings.json in Resources */ = {isa = PBXBuildFile; fileRef = A6101E9F276BB70B0092EE75 /* holdings.json */; };
		A6101EA4276BBEAB0092EE75 /* creditloans.json in Resources */ = {isa = PBXBuildFile; fileRef = A6101EA1276BBEAB0092EE75 /* creditloans.json */; };
		A6101EA5276BBEAB0092EE75 /* mortgages.json in Resources */ = {isa = PBXBuildFile; fileRef = A6101EA2276BBEAB0092EE75 /* mortgages.json */; };
		A6101EA6276BBEAB0092EE75 /* studentloans.json in Resources */ = {isa = PBXBuildFile; fileRef = A6101EA3276BBEAB0092EE75 /* studentloans.json */; };
		A61437612796E3A50041C55C /* Messages.swift in Sources */ = {isa = PBXBuildFile; fileRef = A61437602796E3A50041C55C /* Messages.swift */; };
		A631B07D275E3A7600D490F7 /* location.swift in Sources */ = {isa = PBXBuildFile; fileRef = A631B07C275E3A7600D490F7 /* location.swift */; };
		A631B07F275E3E3200D490F7 /* payment.swift in Sources */ = {isa = PBXBuildFile; fileRef = A631B07E275E3E3200D490F7 /* payment.swift */; };
		A631B081275E41D900D490F7 /* StrUtils.swift in Sources */ = {isa = PBXBuildFile; fileRef = A631B080275E41D900D490F7 /* StrUtils.swift */; };
		A631B083275E469500D490F7 /* transaction.swift in Sources */ = {isa = PBXBuildFile; fileRef = A631B082275E469500D490F7 /* transaction.swift */; };
		A631B085275E4AC000D490F7 /* OptUtils.swift in Sources */ = {isa = PBXBuildFile; fileRef = A631B084275E4AC000D490F7 /* OptUtils.swift */; };
		A6347729275CB9BB00AF3D6D /* LinkKit.xcframework in Frameworks */ = {isa = PBXBuildFile; fileRef = A6347728275CB9BB00AF3D6D /* LinkKit.xcframework */; };
		A634772A275CB9BB00AF3D6D /* LinkKit.xcframework in Embed Frameworks */ = {isa = PBXBuildFile; fileRef = A6347728275CB9BB00AF3D6D /* LinkKit.xcframework */; settings = {ATTRIBUTES = (CodeSignOnCopy, RemoveHeadersOnCopy, ); }; };
		A6347734275CCADF00AF3D6D /* StartVC.swift in Sources */ = {isa = PBXBuildFile; fileRef = A6347733275CCADF00AF3D6D /* StartVC.swift */; };
		A634773A275CF06800AF3D6D /* Main.swift in Sources */ = {isa = PBXBuildFile; fileRef = A6347739275CF06800AF3D6D /* Main.swift */; };
		A634773F275D17B800AF3D6D /* account.swift in Sources */ = {isa = PBXBuildFile; fileRef = A634773E275D17B800AF3D6D /* account.swift */; };
		A65DFD9C278F475A00C75E55 /* accountview.swift in Sources */ = {isa = PBXBuildFile; fileRef = A65DFD9B278F475A00C75E55 /* accountview.swift */; };
		A65DFD9F278F4C9B00C75E55 /* uiutils.swift in Sources */ = {isa = PBXBuildFile; fileRef = A65DFD9E278F4C9B00C75E55 /* uiutils.swift */; };
		A66881EA2761069B00102E3D /* UserHandler.swift in Sources */ = {isa = PBXBuildFile; fileRef = A66881E92761069B00102E3D /* UserHandler.swift */; };
		A66881EC2761092500102E3D /* NetworkHandler.swift in Sources */ = {isa = PBXBuildFile; fileRef = A66881EB2761092500102E3D /* NetworkHandler.swift */; };
		A66881EE27626BF000102E3D /* Security.swift in Sources */ = {isa = PBXBuildFile; fileRef = A66881ED27626BF000102E3D /* Security.swift */; };
		A66881F02762730C00102E3D /* Holding.swift in Sources */ = {isa = PBXBuildFile; fileRef = A66881EF2762730C00102E3D /* Holding.swift */; };
		A677E895278C57160067666B /* LaunchScreen.storyboard in Resources */ = {isa = PBXBuildFile; fileRef = A677E893278C57160067666B /* LaunchScreen.storyboard */; };
		A677E898278C7F300067666B /* checkbox.swift in Sources */ = {isa = PBXBuildFile; fileRef = A677E897278C7F300067666B /* checkbox.swift */; };
		A680A196279709C4009C888E /* viewex.swift in Sources */ = {isa = PBXBuildFile; fileRef = A680A195279709C4009C888E /* viewex.swift */; };
		A68536DB278C296A00E4C1D6 /* signup.swift in Sources */ = {isa = PBXBuildFile; fileRef = A68536DA278C296A00E4C1D6 /* signup.swift */; };
		A68FEB56278DEADF004644E7 /* validations.swift in Sources */ = {isa = PBXBuildFile; fileRef = A68FEB55278DEADF004644E7 /* validations.swift */; };
		A6DAF12C2753C63300747B14 /* globals.swift in Sources */ = {isa = PBXBuildFile; fileRef = A6DAF12B2753C63300747B14 /* globals.swift */; };
		A6DAF1312753C6E600747B14 /* PlaidHandler.swift in Sources */ = {isa = PBXBuildFile; fileRef = A6DAF1302753C6E600747B14 /* PlaidHandler.swift */; };
		A6DAF1332753CA7000747B14 /* Main.storyboard in Resources */ = {isa = PBXBuildFile; fileRef = 91035E561E3CA7C000A97B26 /* Main.storyboard */; };
		A6E2185C2765F3FD004F9BEC /* accounttype.swift in Sources */ = {isa = PBXBuildFile; fileRef = A6E2185B2765F3FD004F9BEC /* accounttype.swift */; };
		A6E2185E2765F63B004F9BEC /* CreditAccountSubType.swift in Sources */ = {isa = PBXBuildFile; fileRef = A6E2185D2765F63B004F9BEC /* CreditAccountSubType.swift */; };
		A6E218602765F67B004F9BEC /* DepositAccountSubType.swift in Sources */ = {isa = PBXBuildFile; fileRef = A6E2185F2765F67B004F9BEC /* DepositAccountSubType.swift */; };
		A6E218622765F6AF004F9BEC /* LoanAccountSubType.swift in Sources */ = {isa = PBXBuildFile; fileRef = A6E218612765F6AF004F9BEC /* LoanAccountSubType.swift */; };
		A6E218642767937C004F9BEC /* Liablities.swift in Sources */ = {isa = PBXBuildFile; fileRef = A6E218632767937C004F9BEC /* Liablities.swift */; };
		A6E21866276793D2004F9BEC /* CreditLoan.swift in Sources */ = {isa = PBXBuildFile; fileRef = A6E21865276793D2004F9BEC /* CreditLoan.swift */; };
		A6E218682767945B004F9BEC /* Mortgage.swift in Sources */ = {isa = PBXBuildFile; fileRef = A6E218672767945B004F9BEC /* Mortgage.swift */; };
		A6E2186A276794B8004F9BEC /* StudentLoan.swift in Sources */ = {isa = PBXBuildFile; fileRef = A6E21869276794B8004F9BEC /* StudentLoan.swift */; };
		A6E2186C27679FD3004F9BEC /* Apr.swift in Sources */ = {isa = PBXBuildFile; fileRef = A6E2186B27679FD3004F9BEC /* Apr.swift */; };
		A6E2186E2767A8EF004F9BEC /* Address.swift in Sources */ = {isa = PBXBuildFile; fileRef = A6E2186D2767A8EF004F9BEC /* Address.swift */; };
		A6E218702767AA3F004F9BEC /* InterestRate.swift in Sources */ = {isa = PBXBuildFile; fileRef = A6E2186F2767AA3F004F9BEC /* InterestRate.swift */; };
		A6E218722767B448004F9BEC /* LoanStatus.swift in Sources */ = {isa = PBXBuildFile; fileRef = A6E218712767B448004F9BEC /* LoanStatus.swift */; };
		A6E218742767B667004F9BEC /* RepaymentPlan.swift in Sources */ = {isa = PBXBuildFile; fileRef = A6E218732767B667004F9BEC /* RepaymentPlan.swift */; };
		A6E218762767B98B004F9BEC /* PslfStatus.swift in Sources */ = {isa = PBXBuildFile; fileRef = A6E218752767B98B004F9BEC /* PslfStatus.swift */; };
		A6EC7250278B381F0009C21F /* swiftuibridge.swift in Sources */ = {isa = PBXBuildFile; fileRef = A6EC724F278B381F0009C21F /* swiftuibridge.swift */; };
		A6ECEC99277CB5CD007F4944 /* category.swift in Sources */ = {isa = PBXBuildFile; fileRef = A6ECEC98277CB5CD007F4944 /* category.swift */; };
		A6ECEC9B277CB7C1007F4944 /* Categories.swift in Sources */ = {isa = PBXBuildFile; fileRef = A6ECEC9A277CB7C1007F4944 /* Categories.swift */; };
		A6ECEC9D277CBAA2007F4944 /* categories.json in Resources */ = {isa = PBXBuildFile; fileRef = A6ECEC9C277CBAA2007F4944 /* categories.json */; };
		A6ECEC9F277CC192007F4944 /* TransactionEx.swift in Sources */ = {isa = PBXBuildFile; fileRef = A6ECEC9E277CC192007F4944 /* TransactionEx.swift */; };
/* End PBXBuildFile section */

/* Begin PBXCopyFilesBuildPhase section */
		91035E671E3CA93500A97B26 /* Embed Frameworks */ = {
			isa = PBXCopyFilesBuildPhase;
			buildActionMask = 2147483647;
			dstPath = "";
			dstSubfolderSpec = 10;
			files = (
				A634772A275CB9BB00AF3D6D /* LinkKit.xcframework in Embed Frameworks */,
			);
			name = "Embed Frameworks";
			runOnlyForDeploymentPostprocessing = 0;
		};
/* End PBXCopyFilesBuildPhase section */

/* Begin PBXFileReference section */
		7A92F55925BF3CF800009CFD /* LinkKitSwiftUISupport.swift */ = {isa = PBXFileReference; lastKnownFileType = sourcecode.swift; path = LinkKitSwiftUISupport.swift; sourceTree = "<group>"; };
		7A92F55D25BF40FB00009CFD /* ViewController+SwiftUI.swift */ = {isa = PBXFileReference; lastKnownFileType = sourcecode.swift; path = "ViewController+SwiftUI.swift"; sourceTree = "<group>"; };
		91035E4F1E3CA7C000A97B26 /* Exponential.app */ = {isa = PBXFileReference; explicitFileType = wrapper.application; includeInIndex = 0; path = Exponential.app; sourceTree = BUILT_PRODUCTS_DIR; };
		91035E521E3CA7C000A97B26 /* AppDelegate.swift */ = {isa = PBXFileReference; lastKnownFileType = sourcecode.swift; path = AppDelegate.swift; sourceTree = "<group>"; };
		91035E541E3CA7C000A97B26 /* ViewController.swift */ = {isa = PBXFileReference; lastKnownFileType = sourcecode.swift; path = ViewController.swift; sourceTree = "<group>"; };
		91035E571E3CA7C000A97B26 /* Base */ = {isa = PBXFileReference; lastKnownFileType = file.storyboard; name = Base; path = Base.lproj/Main.storyboard; sourceTree = "<group>"; };
		91035E591E3CA7C000A97B26 /* Assets.xcassets */ = {isa = PBXFileReference; lastKnownFileType = folder.assetcatalog; path = Assets.xcassets; sourceTree = "<group>"; };
		91035E5E1E3CA7C000A97B26 /* Info.plist */ = {isa = PBXFileReference; lastKnownFileType = text.plist.xml; path = Info.plist; sourceTree = "<group>"; };
		913AF7C9251D3C04007CC064 /* ViewController+PublicKey.swift */ = {isa = PBXFileReference; lastKnownFileType = sourcecode.swift; path = "ViewController+PublicKey.swift"; sourceTree = "<group>"; };
		91648DDD24A47EF3002BED1F /* exponential.entitlements */ = {isa = PBXFileReference; lastKnownFileType = text.plist.entitlements; path = exponential.entitlements; sourceTree = "<group>"; };
		91974B0A246D6D4200182D9B /* AppDelegate+OAuthSupport.swift */ = {isa = PBXFileReference; lastKnownFileType = sourcecode.swift; path = "AppDelegate+OAuthSupport.swift"; sourceTree = "<group>"; };
		91BB7744246D50C800BFD0CE /* ViewController+LinkToken.swift */ = {isa = PBXFileReference; lastKnownFileType = sourcecode.swift; path = "ViewController+LinkToken.swift"; sourceTree = "<group>"; };
		A606461727902FEC00E246C2 /* AccountsList.swift */ = {isa = PBXFileReference; lastKnownFileType = sourcecode.swift; path = AccountsList.swift; sourceTree = "<group>"; };
		A6064619279031E200E246C2 /* transactionslist.swift */ = {isa = PBXFileReference; lastKnownFileType = sourcecode.swift; path = transactionslist.swift; sourceTree = "<group>"; };
		A606461B279067B500E246C2 /* TransactionView.swift */ = {isa = PBXFileReference; lastKnownFileType = sourcecode.swift; path = TransactionView.swift; sourceTree = "<group>"; };
		A60EE977278B30F500B84623 /* Login.swift */ = {isa = PBXFileReference; lastKnownFileType = sourcecode.swift; path = Login.swift; sourceTree = "<group>"; };
		A6101E86276B3C2C0092EE75 /* accounts.json */ = {isa = PBXFileReference; fileEncoding = 4; lastKnownFileType = text.json; path = accounts.json; sourceTree = "<group>"; };
		A6101E88276B3C7E0092EE75 /* AccountBalance.swift */ = {isa = PBXFileReference; lastKnownFileType = sourcecode.swift; path = AccountBalance.swift; sourceTree = "<group>"; };
		A6101E8C276B44320092EE75 /* Finance.swift */ = {isa = PBXFileReference; lastKnownFileType = sourcecode.swift; path = Finance.swift; sourceTree = "<group>"; };
		A6101E8F276B45080092EE75 /* accounts.swift */ = {isa = PBXFileReference; lastKnownFileType = sourcecode.swift; path = accounts.swift; sourceTree = "<group>"; };
		A6101E91276B719C0092EE75 /* PlaidDemoHandler.swift */ = {isa = PBXFileReference; lastKnownFileType = sourcecode.swift; path = PlaidDemoHandler.swift; sourceTree = "<group>"; };
		A6101E93276B7E3A0092EE75 /* AccountEx.swift */ = {isa = PBXFileReference; lastKnownFileType = sourcecode.swift; path = AccountEx.swift; sourceTree = "<group>"; };
		A6101E95276B86FF0092EE75 /* transactions.swift */ = {isa = PBXFileReference; lastKnownFileType = sourcecode.swift; path = transactions.swift; sourceTree = "<group>"; };
		A6101E97276B8A9B0092EE75 /* transactions.json */ = {isa = PBXFileReference; fileEncoding = 4; lastKnownFileType = text.json; path = transactions.json; sourceTree = "<group>"; };
		A6101E99276BA0040092EE75 /* securities.swift */ = {isa = PBXFileReference; lastKnownFileType = sourcecode.swift; path = securities.swift; sourceTree = "<group>"; };
		A6101E9B276BA7130092EE75 /* securities.json */ = {isa = PBXFileReference; fileEncoding = 4; lastKnownFileType = text.json; path = securities.json; sourceTree = "<group>"; };
		A6101E9D276BB2C80092EE75 /* holdings.swift */ = {isa = PBXFileReference; lastKnownFileType = sourcecode.swift; path = holdings.swift; sourceTree = "<group>"; };
		A6101E9F276BB70B0092EE75 /* holdings.json */ = {isa = PBXFileReference; fileEncoding = 4; lastKnownFileType = text.json; path = holdings.json; sourceTree = "<group>"; };
		A6101EA1276BBEAB0092EE75 /* creditloans.json */ = {isa = PBXFileReference; fileEncoding = 4; lastKnownFileType = text.json; path = creditloans.json; sourceTree = "<group>"; };
		A6101EA2276BBEAB0092EE75 /* mortgages.json */ = {isa = PBXFileReference; fileEncoding = 4; lastKnownFileType = text.json; path = mortgages.json; sourceTree = "<group>"; };
		A6101EA3276BBEAB0092EE75 /* studentloans.json */ = {isa = PBXFileReference; fileEncoding = 4; lastKnownFileType = text.json; path = studentloans.json; sourceTree = "<group>"; };
		A61437602796E3A50041C55C /* Messages.swift */ = {isa = PBXFileReference; lastKnownFileType = sourcecode.swift; path = Messages.swift; sourceTree = "<group>"; };
		A631B07C275E3A7600D490F7 /* location.swift */ = {isa = PBXFileReference; lastKnownFileType = sourcecode.swift; path = location.swift; sourceTree = "<group>"; };
		A631B07E275E3E3200D490F7 /* payment.swift */ = {isa = PBXFileReference; lastKnownFileType = sourcecode.swift; path = payment.swift; sourceTree = "<group>"; };
		A631B080275E41D900D490F7 /* StrUtils.swift */ = {isa = PBXFileReference; lastKnownFileType = sourcecode.swift; path = StrUtils.swift; sourceTree = "<group>"; };
		A631B082275E469500D490F7 /* transaction.swift */ = {isa = PBXFileReference; lastKnownFileType = sourcecode.swift; path = transaction.swift; sourceTree = "<group>"; };
		A631B084275E4AC000D490F7 /* OptUtils.swift */ = {isa = PBXFileReference; lastKnownFileType = sourcecode.swift; path = OptUtils.swift; sourceTree = "<group>"; };
		A6347728275CB9BB00AF3D6D /* LinkKit.xcframework */ = {isa = PBXFileReference; lastKnownFileType = wrapper.xcframework; path = LinkKit.xcframework; sourceTree = "<group>"; };
		A6347733275CCADF00AF3D6D /* StartVC.swift */ = {isa = PBXFileReference; fileEncoding = 4; lastKnownFileType = sourcecode.swift; path = StartVC.swift; sourceTree = "<group>"; };
		A6347739275CF06800AF3D6D /* Main.swift */ = {isa = PBXFileReference; lastKnownFileType = sourcecode.swift; path = Main.swift; sourceTree = "<group>"; };
		A634773E275D17B800AF3D6D /* account.swift */ = {isa = PBXFileReference; lastKnownFileType = sourcecode.swift; path = account.swift; sourceTree = "<group>"; };
		A65DFD9B278F475A00C75E55 /* accountview.swift */ = {isa = PBXFileReference; lastKnownFileType = sourcecode.swift; path = accountview.swift; sourceTree = "<group>"; };
		A65DFD9E278F4C9B00C75E55 /* uiutils.swift */ = {isa = PBXFileReference; lastKnownFileType = sourcecode.swift; path = uiutils.swift; sourceTree = "<group>"; };
		A66881E92761069B00102E3D /* UserHandler.swift */ = {isa = PBXFileReference; lastKnownFileType = sourcecode.swift; path = UserHandler.swift; sourceTree = "<group>"; };
		A66881EB2761092500102E3D /* NetworkHandler.swift */ = {isa = PBXFileReference; lastKnownFileType = sourcecode.swift; path = NetworkHandler.swift; sourceTree = "<group>"; };
		A66881ED27626BF000102E3D /* Security.swift */ = {isa = PBXFileReference; lastKnownFileType = sourcecode.swift; path = Security.swift; sourceTree = "<group>"; };
		A66881EF2762730C00102E3D /* Holding.swift */ = {isa = PBXFileReference; lastKnownFileType = sourcecode.swift; path = Holding.swift; sourceTree = "<group>"; };
		A677E894278C57160067666B /* Base */ = {isa = PBXFileReference; lastKnownFileType = file.storyboard; name = Base; path = exponential/exponential/Base.lproj/LaunchScreen.storyboard; sourceTree = "<group>"; };
		A677E897278C7F300067666B /* checkbox.swift */ = {isa = PBXFileReference; lastKnownFileType = sourcecode.swift; path = checkbox.swift; sourceTree = "<group>"; };
		A680A195279709C4009C888E /* viewex.swift */ = {isa = PBXFileReference; lastKnownFileType = sourcecode.swift; path = viewex.swift; sourceTree = "<group>"; };
		A68536DA278C296A00E4C1D6 /* signup.swift */ = {isa = PBXFileReference; lastKnownFileType = sourcecode.swift; path = signup.swift; sourceTree = "<group>"; };
		A68FEB55278DEADF004644E7 /* validations.swift */ = {isa = PBXFileReference; lastKnownFileType = sourcecode.swift; path = validations.swift; sourceTree = "<group>"; };
		A6DAF12B2753C63300747B14 /* globals.swift */ = {isa = PBXFileReference; lastKnownFileType = sourcecode.swift; path = globals.swift; sourceTree = "<group>"; };
		A6DAF1302753C6E600747B14 /* PlaidHandler.swift */ = {isa = PBXFileReference; lastKnownFileType = sourcecode.swift; path = PlaidHandler.swift; sourceTree = "<group>"; };
		A6E2185B2765F3FD004F9BEC /* accounttype.swift */ = {isa = PBXFileReference; lastKnownFileType = sourcecode.swift; path = accounttype.swift; sourceTree = "<group>"; };
		A6E2185D2765F63B004F9BEC /* CreditAccountSubType.swift */ = {isa = PBXFileReference; lastKnownFileType = sourcecode.swift; path = CreditAccountSubType.swift; sourceTree = "<group>"; };
		A6E2185F2765F67B004F9BEC /* DepositAccountSubType.swift */ = {isa = PBXFileReference; lastKnownFileType = sourcecode.swift; path = DepositAccountSubType.swift; sourceTree = "<group>"; };
		A6E218612765F6AF004F9BEC /* LoanAccountSubType.swift */ = {isa = PBXFileReference; lastKnownFileType = sourcecode.swift; path = LoanAccountSubType.swift; sourceTree = "<group>"; };
		A6E218632767937C004F9BEC /* Liablities.swift */ = {isa = PBXFileReference; lastKnownFileType = sourcecode.swift; path = Liablities.swift; sourceTree = "<group>"; };
		A6E21865276793D2004F9BEC /* CreditLoan.swift */ = {isa = PBXFileReference; lastKnownFileType = sourcecode.swift; path = CreditLoan.swift; sourceTree = "<group>"; };
		A6E218672767945B004F9BEC /* Mortgage.swift */ = {isa = PBXFileReference; lastKnownFileType = sourcecode.swift; path = Mortgage.swift; sourceTree = "<group>"; };
		A6E21869276794B8004F9BEC /* StudentLoan.swift */ = {isa = PBXFileReference; lastKnownFileType = sourcecode.swift; path = StudentLoan.swift; sourceTree = "<group>"; };
		A6E2186B27679FD3004F9BEC /* Apr.swift */ = {isa = PBXFileReference; lastKnownFileType = sourcecode.swift; path = Apr.swift; sourceTree = "<group>"; };
		A6E2186D2767A8EF004F9BEC /* Address.swift */ = {isa = PBXFileReference; lastKnownFileType = sourcecode.swift; path = Address.swift; sourceTree = "<group>"; };
		A6E2186F2767AA3F004F9BEC /* InterestRate.swift */ = {isa = PBXFileReference; lastKnownFileType = sourcecode.swift; path = InterestRate.swift; sourceTree = "<group>"; };
		A6E218712767B448004F9BEC /* LoanStatus.swift */ = {isa = PBXFileReference; lastKnownFileType = sourcecode.swift; path = LoanStatus.swift; sourceTree = "<group>"; };
		A6E218732767B667004F9BEC /* RepaymentPlan.swift */ = {isa = PBXFileReference; lastKnownFileType = sourcecode.swift; path = RepaymentPlan.swift; sourceTree = "<group>"; };
		A6E218752767B98B004F9BEC /* PslfStatus.swift */ = {isa = PBXFileReference; lastKnownFileType = sourcecode.swift; path = PslfStatus.swift; sourceTree = "<group>"; };
		A6EC724F278B381F0009C21F /* swiftuibridge.swift */ = {isa = PBXFileReference; lastKnownFileType = sourcecode.swift; path = swiftuibridge.swift; sourceTree = "<group>"; };
		A6ECEC98277CB5CD007F4944 /* category.swift */ = {isa = PBXFileReference; lastKnownFileType = sourcecode.swift; path = category.swift; sourceTree = "<group>"; };
		A6ECEC9A277CB7C1007F4944 /* Categories.swift */ = {isa = PBXFileReference; lastKnownFileType = sourcecode.swift; path = Categories.swift; sourceTree = "<group>"; };
		A6ECEC9C277CBAA2007F4944 /* categories.json */ = {isa = PBXFileReference; fileEncoding = 4; lastKnownFileType = text.json; path = categories.json; sourceTree = "<group>"; };
		A6ECEC9E277CC192007F4944 /* TransactionEx.swift */ = {isa = PBXFileReference; lastKnownFileType = sourcecode.swift; path = TransactionEx.swift; sourceTree = "<group>"; };
/* End PBXFileReference section */

/* Begin PBXFrameworksBuildPhase section */
		91035E4C1E3CA7C000A97B26 /* Frameworks */ = {
			isa = PBXFrameworksBuildPhase;
			buildActionMask = 2147483647;
			files = (
				A6347729275CB9BB00AF3D6D /* LinkKit.xcframework in Frameworks */,
			);
			runOnlyForDeploymentPostprocessing = 0;
		};
/* End PBXFrameworksBuildPhase section */

/* Begin PBXGroup section */
		91035E461E3CA7C000A97B26 = {
			isa = PBXGroup;
			children = (
				A677E893278C57160067666B /* LaunchScreen.storyboard */,
				91035E511E3CA7C000A97B26 /* exponential */,
				91035E501E3CA7C000A97B26 /* Products */,
				913AF7C4251D2343007CC064 /* Frameworks */,
			);
			sourceTree = "<group>";
		};
		91035E501E3CA7C000A97B26 /* Products */ = {
			isa = PBXGroup;
			children = (
				91035E4F1E3CA7C000A97B26 /* Exponential.app */,
			);
			name = Products;
			sourceTree = "<group>";
		};
		91035E511E3CA7C000A97B26 /* exponential */ = {
			isa = PBXGroup;
			children = (
				A65DFD9D278F4C8B00C75E55 /* UiUtils */,
				A6101E85276B3B420092EE75 /* Model */,
				A6DAF12D2753C66500747B14 /* UI */,
				A6DAF12A2753C61B00747B14 /* Utils */,
				A6101E8A276B3DFF0092EE75 /* Resources */,
				91648DDD24A47EF3002BED1F /* exponential.entitlements */,
				91035E561E3CA7C000A97B26 /* Main.storyboard */,
				91035E591E3CA7C000A97B26 /* Assets.xcassets */,
				91035E5E1E3CA7C000A97B26 /* Info.plist */,
			);
			path = exponential;
			sourceTree = "<group>";
		};
		913AF7C4251D2343007CC064 /* Frameworks */ = {
			isa = PBXGroup;
			children = (
				A6347728275CB9BB00AF3D6D /* LinkKit.xcframework */,
			);
			name = Frameworks;
			sourceTree = "<group>";
		};
		A60EE976278B30E100B84623 /* Login */ = {
			isa = PBXGroup;
			children = (
				A60EE977278B30F500B84623 /* Login.swift */,
				A68536DA278C296A00E4C1D6 /* signup.swift */,
			);
			path = Login;
			sourceTree = "<group>";
		};
		A6101E85276B3B420092EE75 /* Model */ = {
			isa = PBXGroup;
			children = (
				A634773E275D17B800AF3D6D /* account.swift */,
				A6101E88276B3C7E0092EE75 /* AccountBalance.swift */,
				A6E2186D2767A8EF004F9BEC /* Address.swift */,
				A6E2186B27679FD3004F9BEC /* Apr.swift */,
				A6ECEC98277CB5CD007F4944 /* category.swift */,
				A6E21865276793D2004F9BEC /* CreditLoan.swift */,
				A66881EF2762730C00102E3D /* Holding.swift */,
				A6E2186F2767AA3F004F9BEC /* InterestRate.swift */,
				A6E218712767B448004F9BEC /* LoanStatus.swift */,
				A631B07C275E3A7600D490F7 /* location.swift */,
				A6E218672767945B004F9BEC /* Mortgage.swift */,
				A631B07E275E3E3200D490F7 /* payment.swift */,
				A6E218752767B98B004F9BEC /* PslfStatus.swift */,
				A6E218732767B667004F9BEC /* RepaymentPlan.swift */,
				A66881ED27626BF000102E3D /* Security.swift */,
				A6E21869276794B8004F9BEC /* StudentLoan.swift */,
				A631B082275E469500D490F7 /* transaction.swift */,
			);
			path = Model;
			sourceTree = "<group>";
		};
		A6101E8A276B3DFF0092EE75 /* Resources */ = {
			isa = PBXGroup;
			children = (
				A6101E86276B3C2C0092EE75 /* accounts.json */,
				A6ECEC9C277CBAA2007F4944 /* categories.json */,
				A6101EA1276BBEAB0092EE75 /* creditloans.json */,
				A6101E9F276BB70B0092EE75 /* holdings.json */,
				A6101EA2276BBEAB0092EE75 /* mortgages.json */,
				A6101E9B276BA7130092EE75 /* securities.json */,
				A6101EA3276BBEAB0092EE75 /* studentloans.json */,
				A6101E97276B8A9B0092EE75 /* transactions.json */,
			);
			path = Resources;
			sourceTree = "<group>";
		};
		A6101E8B276B43190092EE75 /* Protocols */ = {
			isa = PBXGroup;
			children = (
				A6101E8C276B44320092EE75 /* Finance.swift */,
			);
			path = Protocols;
			sourceTree = "<group>";
		};
		A6101E8E276B44F10092EE75 /* Plaid */ = {
			isa = PBXGroup;
			children = (
				A6101E93276B7E3A0092EE75 /* AccountEx.swift */,
				A6101E8F276B45080092EE75 /* accounts.swift */,
				A6ECEC9A277CB7C1007F4944 /* Categories.swift */,
				A6101E9D276BB2C80092EE75 /* holdings.swift */,
				A6E218632767937C004F9BEC /* Liablities.swift */,
				A6101E91276B719C0092EE75 /* PlaidDemoHandler.swift */,
				A6DAF1302753C6E600747B14 /* PlaidHandler.swift */,
				A6101E99276BA0040092EE75 /* securities.swift */,
				A6ECEC9E277CC192007F4944 /* TransactionEx.swift */,
				A6101E95276B86FF0092EE75 /* transactions.swift */,
			);
			path = Plaid;
			sourceTree = "<group>";
		};
		A6347730275CC9EE00AF3D6D /* StartScreen */ = {
			isa = PBXGroup;
			children = (
				91035E521E3CA7C000A97B26 /* AppDelegate.swift */,
				A6347739275CF06800AF3D6D /* Main.swift */,
				A6EC724F278B381F0009C21F /* swiftuibridge.swift */,
				91BB7744246D50C800BFD0CE /* ViewController+LinkToken.swift */,
				A6347733275CCADF00AF3D6D /* StartVC.swift */,
			);
			path = StartScreen;
			sourceTree = "<group>";
		};
		A6347735275CEFA200AF3D6D /* PlaidUI */ = {
			isa = PBXGroup;
			children = (
				91035E541E3CA7C000A97B26 /* ViewController.swift */,
				913AF7C9251D3C04007CC064 /* ViewController+PublicKey.swift */,
				7A92F55D25BF40FB00009CFD /* ViewController+SwiftUI.swift */,
				91974B0A246D6D4200182D9B /* AppDelegate+OAuthSupport.swift */,
				7A92F55925BF3CF800009CFD /* LinkKitSwiftUISupport.swift */,
			);
			path = PlaidUI;
			sourceTree = "<group>";
		};
		A65DFD9A278F474000C75E55 /* Account */ = {
			isa = PBXGroup;
			children = (
				A65DFD9B278F475A00C75E55 /* accountview.swift */,
				A606461727902FEC00E246C2 /* AccountsList.swift */,
				A6064619279031E200E246C2 /* transactionslist.swift */,
				A606461B279067B500E246C2 /* TransactionView.swift */,
			);
			path = Account;
			sourceTree = "<group>";
		};
		A65DFD9D278F4C8B00C75E55 /* UiUtils */ = {
			isa = PBXGroup;
			children = (
				A65DFD9E278F4C9B00C75E55 /* uiutils.swift */,
			);
			path = UiUtils;
			sourceTree = "<group>";
		};
		A677E896278C7F260067666B /* Lib */ = {
			isa = PBXGroup;
			children = (
				A677E897278C7F300067666B /* checkbox.swift */,
				A680A195279709C4009C888E /* viewex.swift */,
			);
			path = Lib;
			sourceTree = "<group>";
		};
		A6DAF12A2753C61B00747B14 /* Utils */ = {
			isa = PBXGroup;
			children = (
				A6101E8E276B44F10092EE75 /* Plaid */,
				A6101E8B276B43190092EE75 /* Protocols */,
				A6E2185A2765F3C5004F9BEC /* enums */,
				A6DAF12F2753C6C500747B14 /* Handlers */,
				A6DAF12B2753C63300747B14 /* globals.swift */,
				A631B080275E41D900D490F7 /* StrUtils.swift */,
				A631B084275E4AC000D490F7 /* OptUtils.swift */,
				A68FEB55278DEADF004644E7 /* validations.swift */,
				A61437602796E3A50041C55C /* Messages.swift */,
			);
			path = Utils;
			sourceTree = "<group>";
		};
		A6DAF12D2753C66500747B14 /* UI */ = {
			isa = PBXGroup;
			children = (
				A65DFD9A278F474000C75E55 /* Account */,
				A677E896278C7F260067666B /* Lib */,
				A60EE976278B30E100B84623 /* Login */,
				A6347735275CEFA200AF3D6D /* PlaidUI */,
				A6347730275CC9EE00AF3D6D /* StartScreen */,
			);
			path = UI;
			sourceTree = "<group>";
		};
		A6DAF12F2753C6C500747B14 /* Handlers */ = {
			isa = PBXGroup;
			children = (
				A66881E92761069B00102E3D /* UserHandler.swift */,
				A66881EB2761092500102E3D /* NetworkHandler.swift */,
			);
			path = Handlers;
			sourceTree = "<group>";
		};
		A6E2185A2765F3C5004F9BEC /* enums */ = {
			isa = PBXGroup;
			children = (
				A6E2185B2765F3FD004F9BEC /* accounttype.swift */,
				A6E2185D2765F63B004F9BEC /* CreditAccountSubType.swift */,
				A6E2185F2765F67B004F9BEC /* DepositAccountSubType.swift */,
				A6E218612765F6AF004F9BEC /* LoanAccountSubType.swift */,
			);
			path = enums;
			sourceTree = "<group>";
		};
/* End PBXGroup section */

/* Begin PBXNativeTarget section */
		91035E4E1E3CA7C000A97B26 /* LinkDemo-Swift */ = {
			isa = PBXNativeTarget;
			buildConfigurationList = 91035E611E3CA7C000A97B26 /* Build configuration list for PBXNativeTarget "LinkDemo-Swift" */;
			buildPhases = (
				91035E4B1E3CA7C000A97B26 /* Sources */,
				91035E4C1E3CA7C000A97B26 /* Frameworks */,
				91035E4D1E3CA7C000A97B26 /* Resources */,
				91035E671E3CA93500A97B26 /* Embed Frameworks */,
			);
			buildRules = (
			);
			dependencies = (
			);
			name = "LinkDemo-Swift";
			productName = "LinkDemo-Swift";
			productReference = 91035E4F1E3CA7C000A97B26 /* Exponential.app */;
			productType = "com.apple.product-type.application";
		};
/* End PBXNativeTarget section */

/* Begin PBXProject section */
		91035E471E3CA7C000A97B26 /* Project object */ = {
			isa = PBXProject;
			attributes = {
				LastSwiftUpdateCheck = 0820;
				LastUpgradeCheck = 1310;
				ORGANIZATIONNAME = "True-Exp";
				TargetAttributes = {
					91035E4E1E3CA7C000A97B26 = {
						CreatedOnToolsVersion = 8.2.1;
						LastSwiftMigration = 1020;
					};
				};
			};
			buildConfigurationList = 91035E4A1E3CA7C000A97B26 /* Build configuration list for PBXProject "exponential" */;
			compatibilityVersion = "Xcode 3.2";
			developmentRegion = en;
			hasScannedForEncodings = 0;
			knownRegions = (
				en,
				Base,
			);
			mainGroup = 91035E461E3CA7C000A97B26;
			productRefGroup = 91035E501E3CA7C000A97B26 /* Products */;
			projectDirPath = "";
			projectRoot = "";
			targets = (
				91035E4E1E3CA7C000A97B26 /* LinkDemo-Swift */,
			);
		};
/* End PBXProject section */

/* Begin PBXResourcesBuildPhase section */
		91035E4D1E3CA7C000A97B26 /* Resources */ = {
			isa = PBXResourcesBuildPhase;
			buildActionMask = 2147483647;
			files = (
				A6101EA4276BBEAB0092EE75 /* creditloans.json in Resources */,
				A6DAF1332753CA7000747B14 /* Main.storyboard in Resources */,
				A6101EA5276BBEAB0092EE75 /* mortgages.json in Resources */,
				A6101E98276B8A9B0092EE75 /* transactions.json in Resources */,
				A6101E87276B3C2C0092EE75 /* accounts.json in Resources */,
				A6101EA0276BB70B0092EE75 /* holdings.json in Resources */,
				A6101EA6276BBEAB0092EE75 /* studentloans.json in Resources */,
				91035E5A1E3CA7C000A97B26 /* Assets.xcassets in Resources */,
				A6101E9C276BA7130092EE75 /* securities.json in Resources */,
				A677E895278C57160067666B /* LaunchScreen.storyboard in Resources */,
				A6ECEC9D277CBAA2007F4944 /* categories.json in Resources */,
			);
			runOnlyForDeploymentPostprocessing = 0;
		};
/* End PBXResourcesBuildPhase section */

/* Begin PBXSourcesBuildPhase section */
		91035E4B1E3CA7C000A97B26 /* Sources */ = {
			isa = PBXSourcesBuildPhase;
			buildActionMask = 2147483647;
			files = (
				A6101E90276B45080092EE75 /* accounts.swift in Sources */,
				A6101E92276B719C0092EE75 /* PlaidDemoHandler.swift in Sources */,
				A6E2185E2765F63B004F9BEC /* CreditAccountSubType.swift in Sources */,
				A6E218702767AA3F004F9BEC /* InterestRate.swift in Sources */,
				91035E551E3CA7C000A97B26 /* ViewController.swift in Sources */,
				A6101E8D276B44320092EE75 /* Finance.swift in Sources */,
				A6101E96276B86FF0092EE75 /* transactions.swift in Sources */,
				A6E218682767945B004F9BEC /* Mortgage.swift in Sources */,
				A6DAF1312753C6E600747B14 /* PlaidHandler.swift in Sources */,
				A634773A275CF06800AF3D6D /* Main.swift in Sources */,
				A606461C279067B500E246C2 /* TransactionView.swift in Sources */,
				A6E218642767937C004F9BEC /* Liablities.swift in Sources */,
				A6E2186C27679FD3004F9BEC /* Apr.swift in Sources */,
				913AF7CA251D3C04007CC064 /* ViewController+PublicKey.swift in Sources */,
				A6101E9E276BB2C80092EE75 /* holdings.swift in Sources */,
				A6E218722767B448004F9BEC /* LoanStatus.swift in Sources */,
				A6ECEC99277CB5CD007F4944 /* category.swift in Sources */,
				A6ECEC9B277CB7C1007F4944 /* Categories.swift in Sources */,
				91974B0B246D6D4200182D9B /* AppDelegate+OAuthSupport.swift in Sources */,
				A61437612796E3A50041C55C /* Messages.swift in Sources */,
				A6ECEC9F277CC192007F4944 /* TransactionEx.swift in Sources */,
				A606461827902FEC00E246C2 /* AccountsList.swift in Sources */,
				7A92F55E25BF40FB00009CFD /* ViewController+SwiftUI.swift in Sources */,
				A60EE978278B30F500B84623 /* Login.swift in Sources */,
				A6E218602765F67B004F9BEC /* DepositAccountSubType.swift in Sources */,
				A65DFD9F278F4C9B00C75E55 /* uiutils.swift in Sources */,
				A677E898278C7F300067666B /* checkbox.swift in Sources */,
				A6101E89276B3C7E0092EE75 /* AccountBalance.swift in Sources */,
				A6DAF12C2753C63300747B14 /* globals.swift in Sources */,
				A606461A279031E200E246C2 /* transactionslist.swift in Sources */,
				A6E218742767B667004F9BEC /* RepaymentPlan.swift in Sources */,
				A6E2186A276794B8004F9BEC /* StudentLoan.swift in Sources */,
				A66881F02762730C00102E3D /* Holding.swift in Sources */,
				A631B083275E469500D490F7 /* transaction.swift in Sources */,
				A6E21866276793D2004F9BEC /* CreditLoan.swift in Sources */,
				A6E2186E2767A8EF004F9BEC /* Address.swift in Sources */,
				A631B07F275E3E3200D490F7 /* payment.swift in Sources */,
				A6101E94276B7E3A0092EE75 /* AccountEx.swift in Sources */,
				A68536DB278C296A00E4C1D6 /* signup.swift in Sources */,
				A634773F275D17B800AF3D6D /* account.swift in Sources */,
				7A92F55A25BF3CF800009CFD /* LinkKitSwiftUISupport.swift in Sources */,
				A66881EE27626BF000102E3D /* Security.swift in Sources */,
				A66881EA2761069B00102E3D /* UserHandler.swift in Sources */,
				A6E2185C2765F3FD004F9BEC /* accounttype.swift in Sources */,
				A68FEB56278DEADF004644E7 /* validations.swift in Sources */,
				A680A196279709C4009C888E /* viewex.swift in Sources */,
				A6101E9A276BA0040092EE75 /* securities.swift in Sources */,
				A6347734275CCADF00AF3D6D /* StartVC.swift in Sources */,
				A631B07D275E3A7600D490F7 /* location.swift in Sources */,
				A631B081275E41D900D490F7 /* StrUtils.swift in Sources */,
				A65DFD9C278F475A00C75E55 /* accountview.swift in Sources */,
				91035E531E3CA7C000A97B26 /* AppDelegate.swift in Sources */,
				A6EC7250278B381F0009C21F /* swiftuibridge.swift in Sources */,
				A631B085275E4AC000D490F7 /* OptUtils.swift in Sources */,
				A6E218762767B98B004F9BEC /* PslfStatus.swift in Sources */,
				91BB7745246D50C800BFD0CE /* ViewController+LinkToken.swift in Sources */,
				A6E218622765F6AF004F9BEC /* LoanAccountSubType.swift in Sources */,
				A66881EC2761092500102E3D /* NetworkHandler.swift in Sources */,
			);
			runOnlyForDeploymentPostprocessing = 0;
		};
/* End PBXSourcesBuildPhase section */

/* Begin PBXVariantGroup section */
		91035E561E3CA7C000A97B26 /* Main.storyboard */ = {
			isa = PBXVariantGroup;
			children = (
				91035E571E3CA7C000A97B26 /* Base */,
			);
			name = Main.storyboard;
			sourceTree = "<group>";
		};
		A677E893278C57160067666B /* LaunchScreen.storyboard */ = {
			isa = PBXVariantGroup;
			children = (
				A677E894278C57160067666B /* Base */,
			);
			name = LaunchScreen.storyboard;
			sourceTree = "<group>";
		};
/* End PBXVariantGroup section */

/* Begin XCBuildConfiguration section */
		91035E5F1E3CA7C000A97B26 /* Debug */ = {
			isa = XCBuildConfiguration;
			buildSettings = {
				ALWAYS_SEARCH_USER_PATHS = NO;
				CLANG_ANALYZER_NONNULL = YES;
				CLANG_CXX_LANGUAGE_STANDARD = "gnu++0x";
				CLANG_CXX_LIBRARY = "libc++";
				CLANG_ENABLE_MODULES = YES;
				CLANG_ENABLE_OBJC_ARC = YES;
				CLANG_TIDY_BUGPRONE_REDUNDANT_BRANCH_CONDITION = YES;
				CLANG_TIDY_MISC_REDUNDANT_EXPRESSION = YES;
				CLANG_WARN_BLOCK_CAPTURE_AUTORELEASING = YES;
				CLANG_WARN_BOOL_CONVERSION = YES;
				CLANG_WARN_COMMA = YES;
				CLANG_WARN_CONSTANT_CONVERSION = YES;
				CLANG_WARN_DEPRECATED_OBJC_IMPLEMENTATIONS = YES;
				CLANG_WARN_DIRECT_OBJC_ISA_USAGE = YES_ERROR;
				CLANG_WARN_DOCUMENTATION_COMMENTS = YES;
				CLANG_WARN_EMPTY_BODY = YES;
				CLANG_WARN_ENUM_CONVERSION = YES;
				CLANG_WARN_INFINITE_RECURSION = YES;
				CLANG_WARN_INT_CONVERSION = YES;
				CLANG_WARN_NON_LITERAL_NULL_CONVERSION = YES;
				CLANG_WARN_OBJC_IMPLICIT_RETAIN_SELF = YES;
				CLANG_WARN_OBJC_LITERAL_CONVERSION = YES;
				CLANG_WARN_OBJC_ROOT_CLASS = YES_ERROR;
				CLANG_WARN_QUOTED_INCLUDE_IN_FRAMEWORK_HEADER = YES;
				CLANG_WARN_RANGE_LOOP_ANALYSIS = YES;
				CLANG_WARN_STRICT_PROTOTYPES = YES;
				CLANG_WARN_SUSPICIOUS_MOVE = YES;
				CLANG_WARN_UNREACHABLE_CODE = YES;
				CLANG_WARN__DUPLICATE_METHOD_MATCH = YES;
				CODE_SIGN_IDENTITY = "iPhone Developer";
				COPY_PHASE_STRIP = NO;
				DEBUG_INFORMATION_FORMAT = dwarf;
				ENABLE_STRICT_OBJC_MSGSEND = YES;
				ENABLE_TESTABILITY = YES;
				GCC_C_LANGUAGE_STANDARD = gnu99;
				GCC_DYNAMIC_NO_PIC = NO;
				GCC_NO_COMMON_BLOCKS = YES;
				GCC_OPTIMIZATION_LEVEL = 0;
				GCC_PREPROCESSOR_DEFINITIONS = (
					"DEBUG=1",
					"$(inherited)",
				);
				GCC_WARN_64_TO_32_BIT_CONVERSION = YES;
				GCC_WARN_ABOUT_RETURN_TYPE = YES_ERROR;
				GCC_WARN_UNDECLARED_SELECTOR = YES;
				GCC_WARN_UNINITIALIZED_AUTOS = YES_AGGRESSIVE;
				GCC_WARN_UNUSED_FUNCTION = YES;
				GCC_WARN_UNUSED_VARIABLE = YES;
				IPHONEOS_DEPLOYMENT_TARGET = 15.0;
				MTL_ENABLE_DEBUG_INFO = YES;
				ONLY_ACTIVE_ARCH = YES;
				SDKROOT = iphoneos;
				SWIFT_ACTIVE_COMPILATION_CONDITIONS = DEBUG;
				SWIFT_OPTIMIZATION_LEVEL = "-Onone";
				SWIFT_VERSION = 5.0;
				TARGETED_DEVICE_FAMILY = "1,2";
			};
			name = Debug;
		};
		91035E601E3CA7C000A97B26 /* Release */ = {
			isa = XCBuildConfiguration;
			buildSettings = {
				ALWAYS_SEARCH_USER_PATHS = NO;
				CLANG_ANALYZER_NONNULL = YES;
				CLANG_CXX_LANGUAGE_STANDARD = "gnu++0x";
				CLANG_CXX_LIBRARY = "libc++";
				CLANG_ENABLE_MODULES = YES;
				CLANG_ENABLE_OBJC_ARC = YES;
				CLANG_TIDY_BUGPRONE_REDUNDANT_BRANCH_CONDITION = YES;
				CLANG_TIDY_MISC_REDUNDANT_EXPRESSION = YES;
				CLANG_WARN_BLOCK_CAPTURE_AUTORELEASING = YES;
				CLANG_WARN_BOOL_CONVERSION = YES;
				CLANG_WARN_COMMA = YES;
				CLANG_WARN_CONSTANT_CONVERSION = YES;
				CLANG_WARN_DEPRECATED_OBJC_IMPLEMENTATIONS = YES;
				CLANG_WARN_DIRECT_OBJC_ISA_USAGE = YES_ERROR;
				CLANG_WARN_DOCUMENTATION_COMMENTS = YES;
				CLANG_WARN_EMPTY_BODY = YES;
				CLANG_WARN_ENUM_CONVERSION = YES;
				CLANG_WARN_INFINITE_RECURSION = YES;
				CLANG_WARN_INT_CONVERSION = YES;
				CLANG_WARN_NON_LITERAL_NULL_CONVERSION = YES;
				CLANG_WARN_OBJC_IMPLICIT_RETAIN_SELF = YES;
				CLANG_WARN_OBJC_LITERAL_CONVERSION = YES;
				CLANG_WARN_OBJC_ROOT_CLASS = YES_ERROR;
				CLANG_WARN_QUOTED_INCLUDE_IN_FRAMEWORK_HEADER = YES;
				CLANG_WARN_RANGE_LOOP_ANALYSIS = YES;
				CLANG_WARN_STRICT_PROTOTYPES = YES;
				CLANG_WARN_SUSPICIOUS_MOVE = YES;
				CLANG_WARN_UNREACHABLE_CODE = YES;
				CLANG_WARN__DUPLICATE_METHOD_MATCH = YES;
				CODE_SIGN_IDENTITY = "iPhone Developer";
				COPY_PHASE_STRIP = NO;
				DEBUG_INFORMATION_FORMAT = "dwarf-with-dsym";
				ENABLE_NS_ASSERTIONS = NO;
				ENABLE_STRICT_OBJC_MSGSEND = YES;
				GCC_C_LANGUAGE_STANDARD = gnu99;
				GCC_NO_COMMON_BLOCKS = YES;
				GCC_WARN_64_TO_32_BIT_CONVERSION = YES;
				GCC_WARN_ABOUT_RETURN_TYPE = YES_ERROR;
				GCC_WARN_UNDECLARED_SELECTOR = YES;
				GCC_WARN_UNINITIALIZED_AUTOS = YES_AGGRESSIVE;
				GCC_WARN_UNUSED_FUNCTION = YES;
				GCC_WARN_UNUSED_VARIABLE = YES;
				IPHONEOS_DEPLOYMENT_TARGET = 15.0;
				MTL_ENABLE_DEBUG_INFO = NO;
				SDKROOT = iphoneos;
				SWIFT_COMPILATION_MODE = wholemodule;
				SWIFT_OPTIMIZATION_LEVEL = "-O";
				SWIFT_VERSION = 5.0;
				TARGETED_DEVICE_FAMILY = "1,2";
				VALIDATE_PRODUCT = YES;
			};
			name = Release;
		};
		91035E621E3CA7C000A97B26 /* Debug */ = {
			isa = XCBuildConfiguration;
			buildSettings = {
				ASSETCATALOG_COMPILER_APPICON_NAME = AppIcon;
				ASSETCATALOG_COMPILER_INCLUDE_ALL_APPICON_ASSETS = YES;
				CODE_SIGN_ENTITLEMENTS = exponential/exponential.entitlements;
				CODE_SIGN_IDENTITY = "Apple Development";
				"CODE_SIGN_IDENTITY[sdk=iphoneos*]" = "iPhone Developer";
				CODE_SIGN_STYLE = Manual;
				DEVELOPMENT_TEAM = 2P5WUU9DS7;
				FRAMEWORK_SEARCH_PATHS = "$(PROJECT_DIR)/../";
				INFOPLIST_FILE = "$(SRCROOT)/exponential/Info.plist";
				IPHONEOS_DEPLOYMENT_TARGET = 15.0;
				LD_RUNPATH_SEARCH_PATHS = (
					"$(inherited)",
					"@executable_path/Frameworks",
				);
				LIBRARY_SEARCH_PATHS = (
					"$(inherited)",
					"$(PROJECT_DIR)",
				);
				LINK_ENV = Sandbox;
				LINK_KEY = YOUR_PLAID_PUBLIC_KEY;
				PRODUCT_BUNDLE_IDENTIFIER = "true-exp.exponential.com";
				PRODUCT_NAME = Exponential;
				PROVISIONING_PROFILE_SPECIFIER = TrueExpDev;
				SWIFT_VERSION = 5.0;
			};
			name = Debug;
		};
		91035E631E3CA7C000A97B26 /* Release */ = {
			isa = XCBuildConfiguration;
			buildSettings = {
				ASSETCATALOG_COMPILER_APPICON_NAME = AppIcon;
				ASSETCATALOG_COMPILER_INCLUDE_ALL_APPICON_ASSETS = YES;
				CODE_SIGN_ENTITLEMENTS = exponential/exponential.entitlements;
				CODE_SIGN_IDENTITY = "Apple Development";
				"CODE_SIGN_IDENTITY[sdk=iphoneos*]" = "iPhone Developer";
				CODE_SIGN_STYLE = Manual;
				DEVELOPMENT_TEAM = 2P5WUU9DS7;
				FRAMEWORK_SEARCH_PATHS = "$(PROJECT_DIR)/../";
				INFOPLIST_FILE = "$(SRCROOT)/exponential/Info.plist";
				IPHONEOS_DEPLOYMENT_TARGET = 15.0;
				LD_RUNPATH_SEARCH_PATHS = (
					"$(inherited)",
					"@executable_path/Frameworks",
				);
				LIBRARY_SEARCH_PATHS = (
					"$(inherited)",
					"$(PROJECT_DIR)",
				);
				LINK_ENV = Production;
				LINK_KEY = YOUR_PLAID_PUBLIC_KEY;
				PRODUCT_BUNDLE_IDENTIFIER = "true-exp.exponential.com";
				PRODUCT_NAME = Exponential;
				PROVISIONING_PROFILE_SPECIFIER = TrueExpDev;
				SWIFT_VERSION = 5.0;
			};
			name = Release;
		};
/* End XCBuildConfiguration section */

/* Begin XCConfigurationList section */
		91035E4A1E3CA7C000A97B26 /* Build configuration list for PBXProject "exponential" */ = {
			isa = XCConfigurationList;
			buildConfigurations = (
				91035E5F1E3CA7C000A97B26 /* Debug */,
				91035E601E3CA7C000A97B26 /* Release */,
			);
			defaultConfigurationIsVisible = 0;
			defaultConfigurationName = Release;
		};
		91035E611E3CA7C000A97B26 /* Build configuration list for PBXNativeTarget "LinkDemo-Swift" */ = {
			isa = XCConfigurationList;
			buildConfigurations = (
				91035E621E3CA7C000A97B26 /* Debug */,
				91035E631E3CA7C000A97B26 /* Release */,
			);
			defaultConfigurationIsVisible = 0;
			defaultConfigurationName = Release;
		};
/* End XCConfigurationList section */
	};
	rootObject = 91035E471E3CA7C000A97B26 /* Project object */;
}
